// !$*UTF8*$!
{
	archiveVersion = 1;
	classes = {
	};
	objectVersion = 46;
	objects = {

/* Begin PBXAggregateTarget section */
		02D46CA015D0B468001DC06C /* GenGitVersion */ = {
			isa = PBXAggregateTarget;
			buildConfigurationList = 02D46CA115D0B468001DC06C /* Build configuration list for PBXAggregateTarget "GenGitVersion" */;
			buildPhases = (
				02D46CA515D0B4C3001DC06C /* ShellScript */,
			);
			dependencies = (
			);
			name = GenGitVersion;
			productName = GenGitVersion;
		};
/* End PBXAggregateTarget section */

/* Begin PBXBuildFile section */
		02091EF113805E39007A7A8B /* BootManager-logo.png in Resources */ = {isa = PBXBuildFile; fileRef = 02091EF013805E39007A7A8B /* BootManager-logo.png */; };
		022A8730166E546E0081A745 /* InfoPlist.strings in Resources */ = {isa = PBXBuildFile; fileRef = 022A872E166E546E0081A745 /* InfoPlist.strings */; };
		02412076120A40ED00EF7B5C /* QBVolume.m in Sources */ = {isa = PBXBuildFile; fileRef = 02412075120A40ED00EF7B5C /* QBVolume.m */; };
		0249E263191EEB370001ACD6 /* BCAboutBox.m in Sources */ = {isa = PBXBuildFile; fileRef = 0249E25E191EEB370001ACD6 /* BCAboutBox.m */; };
		0249E264191EEB370001ACD6 /* BCAboutBox.xib in Resources */ = {isa = PBXBuildFile; fileRef = 0249E25F191EEB370001ACD6 /* BCAboutBox.xib */; };
		0249E265191EEB370001ACD6 /* BCSystemInfo.m in Sources */ = {isa = PBXBuildFile; fileRef = 0249E262191EEB370001ACD6 /* BCSystemInfo.m */; };
		0249E268191EEB5D0001ACD6 /* NSApplication+BCAdditions.m in Sources */ = {isa = PBXBuildFile; fileRef = 0249E267191EEB5D0001ACD6 /* NSApplication+BCAdditions.m */; };
		0249E26B191EEB970001ACD6 /* NSArray+BCAdditions.m in Sources */ = {isa = PBXBuildFile; fileRef = 0249E26A191EEB970001ACD6 /* NSArray+BCAdditions.m */; };
		0249E271191EF2E00001ACD6 /* BDDisk.m in Sources */ = {isa = PBXBuildFile; fileRef = 0249E26E191EF2E00001ACD6 /* BDDisk.m */; };
		0249E272191EF2E00001ACD6 /* BDDiskArbitrationSession.m in Sources */ = {isa = PBXBuildFile; fileRef = 0249E270191EF2E00001ACD6 /* BDDiskArbitrationSession.m */; };
		025D1889108A604C00D8995D /* main.m in Sources */ = {isa = PBXBuildFile; fileRef = 025D1888108A604C00D8995D /* main.m */; };
		027A9FEA0C467C7F000BBCE9 /* MainWindowController.m in Sources */ = {isa = PBXBuildFile; fileRef = 027A9FE90C467C7F000BBCE9 /* MainWindowController.m */; };
		027AA0320C468374000BBCE9 /* DiskArbitration.framework in Frameworks */ = {isa = PBXBuildFile; fileRef = 027AA0310C468374000BBCE9 /* DiskArbitration.framework */; };
		027AA11E0C472078000BBCE9 /* Security.framework in Frameworks */ = {isa = PBXBuildFile; fileRef = 027AA11D0C472078000BBCE9 /* Security.framework */; };
		027C159F120E1AB80019BBF3 /* QBOSDetectOperation.m in Sources */ = {isa = PBXBuildFile; fileRef = 027C159D120E1AB80019BBF3 /* QBOSDetectOperation.m */; };
		029A43C515F6E27300087FD1 /* StatusItemIcon@2x.png in Resources */ = {isa = PBXBuildFile; fileRef = 029A43C315F6E27300087FD1 /* StatusItemIcon@2x.png */; };
		029A43C615F6E27300087FD1 /* StatusItemIconAlt@2x.png in Resources */ = {isa = PBXBuildFile; fileRef = 029A43C415F6E27300087FD1 /* StatusItemIconAlt@2x.png */; };
		029A43C815F705B100087FD1 /* BootManager-logo@2x.png in Resources */ = {isa = PBXBuildFile; fileRef = 029A43C715F705B100087FD1 /* BootManager-logo@2x.png */; };
		029A43E815F77E8600087FD1 /* BootManager.iconset in Resources */ = {isa = PBXBuildFile; fileRef = 029A43E715F77E8600087FD1 /* BootManager.iconset */; };
		02AC892F120F16CE0024A1A7 /* BootManagerHelper in Copy Helper */ = {isa = PBXBuildFile; fileRef = 025D1881108A5F8500D8995D /* BootManagerHelper */; };
		02B40C760C4726AA00D4A0CD /* SendAppleEvent.c in Sources */ = {isa = PBXBuildFile; fileRef = 02B40C750C4726AA00D4A0CD /* SendAppleEvent.c */; };
		02B40CCD0C47279400D4A0CD /* Carbon.framework in Frameworks */ = {isa = PBXBuildFile; fileRef = 02B40CCC0C47279400D4A0CD /* Carbon.framework */; };
		02B40CF10C47295400D4A0CD /* QBAppDelegate.m in Sources */ = {isa = PBXBuildFile; fileRef = 02B40CF00C47295400D4A0CD /* QBAppDelegate.m */; };
		02B6B9470FB39FE1000EC4B9 /* QBVolumeManager.m in Sources */ = {isa = PBXBuildFile; fileRef = 02B6B9460FB39FE1000EC4B9 /* QBVolumeManager.m */; };
		02B6B9C10FB3EBE9000EC4B9 /* QBPreferencesController.m in Sources */ = {isa = PBXBuildFile; fileRef = 02B6B9C00FB3EBE9000EC4B9 /* QBPreferencesController.m */; };
		02BAFC3F166E52860072A560 /* Credits.rtf in Resources */ = {isa = PBXBuildFile; fileRef = 02BAFC3D166E52860072A560 /* Credits.rtf */; };
		02BAFC45166E52910072A560 /* Localizable.strings in Resources */ = {isa = PBXBuildFile; fileRef = 02BAFC42166E52910072A560 /* Localizable.strings */; };
		02BAFC48166E529C0072A560 /* Preferences.xib in Resources */ = {isa = PBXBuildFile; fileRef = 02BAFC46166E529C0072A560 /* Preferences.xib */; };
		02BAFC4B166E52A30072A560 /* MainMenu.xib in Resources */ = {isa = PBXBuildFile; fileRef = 02BAFC49166E52A30072A560 /* MainMenu.xib */; };
		02DFE6550FB38EEB00C28D32 /* StatusItemIcon.png in Resources */ = {isa = PBXBuildFile; fileRef = 02DFE6540FB38EEB00C28D32 /* StatusItemIcon.png */; };
		02DFE65E0FB3916B00C28D32 /* StatusItemIconAlt.png in Resources */ = {isa = PBXBuildFile; fileRef = 02DFE65D0FB3916B00C28D32 /* StatusItemIconAlt.png */; };
		2063050120A61036004ED8A3 /* STPrivilegedTask.m in Sources */ = {isa = PBXBuildFile; fileRef = 2063050020A61036004ED8A3 /* STPrivilegedTask.m */; };
		2063050220A61036004ED8A3 /* STPrivilegedTask.m in Sources */ = {isa = PBXBuildFile; fileRef = 2063050020A61036004ED8A3 /* STPrivilegedTask.m */; };
		2063050620A61144004ED8A3 /* STPrivilegedTask.podspec in Resources */ = {isa = PBXBuildFile; fileRef = 2063050520A61144004ED8A3 /* STPrivilegedTask.podspec */; };
		2063050820A6133C004ED8A3 /* Security.framework in Frameworks */ = {isa = PBXBuildFile; fileRef = 2063050720A6133C004ED8A3 /* Security.framework */; };
		2063050A20A61349004ED8A3 /* Cocoa.framework in Frameworks */ = {isa = PBXBuildFile; fileRef = 2063050920A61349004ED8A3 /* Cocoa.framework */; };
		8D11072D0486CEB800E47090 /* main.m in Sources */ = {isa = PBXBuildFile; fileRef = 29B97316FDCFA39411CA2CEA /* main.m */; settings = {ATTRIBUTES = (); }; };
		8D11072F0486CEB800E47090 /* Cocoa.framework in Frameworks */ = {isa = PBXBuildFile; fileRef = 1058C7A1FEA54F0111CA2CBB /* Cocoa.framework */; };
/* End PBXBuildFile section */

/* Begin PBXContainerItemProxy section */
		02AC892B120F16A30024A1A7 /* PBXContainerItemProxy */ = {
			isa = PBXContainerItemProxy;
			containerPortal = 29B97313FDCFA39411CA2CEA /* Project object */;
			proxyType = 1;
			remoteGlobalIDString = 025D1880108A5F8500D8995D;
			remoteInfo = BootManagerHelper;
		};
		02D46CA615D0B4DE001DC06C /* PBXContainerItemProxy */ = {
			isa = PBXContainerItemProxy;
			containerPortal = 29B97313FDCFA39411CA2CEA /* Project object */;
			proxyType = 1;
			remoteGlobalIDString = 02D46CA015D0B468001DC06C;
			remoteInfo = GenGitVersion;
		};
/* End PBXContainerItemProxy section */

/* Begin PBXCopyFilesBuildPhase section */
		021483BA0C49B19C00DB518E /* Copy Frameworks */ = {
			isa = PBXCopyFilesBuildPhase;
			buildActionMask = 2147483647;
			dstPath = "";
			dstSubfolderSpec = 10;
			files = (
			);
			name = "Copy Frameworks";
			runOnlyForDeploymentPostprocessing = 0;
		};
		02AC8934120F16D80024A1A7 /* Copy Helper */ = {
			isa = PBXCopyFilesBuildPhase;
			buildActionMask = 2147483647;
			dstPath = "";
			dstSubfolderSpec = 6;
			files = (
				02AC892F120F16CE0024A1A7 /* BootManagerHelper in Copy Helper */,
			);
			name = "Copy Helper";
			runOnlyForDeploymentPostprocessing = 0;
		};
/* End PBXCopyFilesBuildPhase section */

/* Begin PBXFileReference section */
		02091EF013805E39007A7A8B /* BootManager-logo.png */ = {isa = PBXFileReference; lastKnownFileType = image.png; name = "BootManager-logo.png"; path = "Resources/BootManager-logo.png"; sourceTree = "<group>"; };
		022A872F166E546E0081A745 /* en */ = {isa = PBXFileReference; fileEncoding = 10; lastKnownFileType = text.plist.strings; name = en; path = en.lproj/InfoPlist.strings; sourceTree = "<group>"; };
		02412074120A40ED00EF7B5C /* QBVolume.h */ = {isa = PBXFileReference; fileEncoding = 4; lastKnownFileType = sourcecode.c.h; name = QBVolume.h; path = Source/QBVolume.h; sourceTree = "<group>"; };
		02412075120A40ED00EF7B5C /* QBVolume.m */ = {isa = PBXFileReference; fileEncoding = 4; lastKnownFileType = sourcecode.c.objc; name = QBVolume.m; path = Source/QBVolume.m; sourceTree = "<group>"; };
		024120AC120A451F00EF7B5C /* SendAppleEvent.h */ = {isa = PBXFileReference; fileEncoding = 4; lastKnownFileType = sourcecode.c.h; name = SendAppleEvent.h; path = Source/SendAppleEvent.h; sourceTree = "<group>"; };
		0249E25D191EEB370001ACD6 /* BCAboutBox.h */ = {isa = PBXFileReference; fileEncoding = 4; lastKnownFileType = sourcecode.c.h; path = BCAboutBox.h; sourceTree = "<group>"; };
		0249E25E191EEB370001ACD6 /* BCAboutBox.m */ = {isa = PBXFileReference; fileEncoding = 4; lastKnownFileType = sourcecode.c.objc; path = BCAboutBox.m; sourceTree = "<group>"; };
		0249E260191EEB370001ACD6 /* en */ = {isa = PBXFileReference; lastKnownFileType = file.xib; name = en; path = en.lproj/BCAboutBox.xib; sourceTree = "<group>"; };
		0249E261191EEB370001ACD6 /* BCSystemInfo.h */ = {isa = PBXFileReference; fileEncoding = 4; lastKnownFileType = sourcecode.c.h; name = BCSystemInfo.h; path = Dependencies/BCSystemInfo.h; sourceTree = "<group>"; };
		0249E262191EEB370001ACD6 /* BCSystemInfo.m */ = {isa = PBXFileReference; fileEncoding = 4; lastKnownFileType = sourcecode.c.objc; name = BCSystemInfo.m; path = Dependencies/BCSystemInfo.m; sourceTree = "<group>"; };
		0249E266191EEB5D0001ACD6 /* NSApplication+BCAdditions.h */ = {isa = PBXFileReference; fileEncoding = 4; lastKnownFileType = sourcecode.c.h; name = "NSApplication+BCAdditions.h"; path = "Dependencies/NSApplication+BCAdditions.h"; sourceTree = "<group>"; };
		0249E267191EEB5D0001ACD6 /* NSApplication+BCAdditions.m */ = {isa = PBXFileReference; fileEncoding = 4; lastKnownFileType = sourcecode.c.objc; name = "NSApplication+BCAdditions.m"; path = "Dependencies/NSApplication+BCAdditions.m"; sourceTree = "<group>"; };
		0249E269191EEB970001ACD6 /* NSArray+BCAdditions.h */ = {isa = PBXFileReference; fileEncoding = 4; lastKnownFileType = sourcecode.c.h; name = "NSArray+BCAdditions.h"; path = "Dependencies/NSArray+BCAdditions.h"; sourceTree = "<group>"; };
		0249E26A191EEB970001ACD6 /* NSArray+BCAdditions.m */ = {isa = PBXFileReference; fileEncoding = 4; lastKnownFileType = sourcecode.c.objc; name = "NSArray+BCAdditions.m"; path = "Dependencies/NSArray+BCAdditions.m"; sourceTree = "<group>"; };
		0249E26D191EF2E00001ACD6 /* BDDisk.h */ = {isa = PBXFileReference; fileEncoding = 4; lastKnownFileType = sourcecode.c.h; name = BDDisk.h; path = Dependencies/ButteredDisk/BDDisk.h; sourceTree = "<group>"; };
		0249E26E191EF2E00001ACD6 /* BDDisk.m */ = {isa = PBXFileReference; fileEncoding = 4; lastKnownFileType = sourcecode.c.objc; name = BDDisk.m; path = Dependencies/ButteredDisk/BDDisk.m; sourceTree = "<group>"; };
		0249E26F191EF2E00001ACD6 /* BDDiskArbitrationSession.h */ = {isa = PBXFileReference; fileEncoding = 4; lastKnownFileType = sourcecode.c.h; name = BDDiskArbitrationSession.h; path = Dependencies/ButteredDisk/BDDiskArbitrationSession.h; sourceTree = "<group>"; };
		0249E270191EF2E00001ACD6 /* BDDiskArbitrationSession.m */ = {isa = PBXFileReference; fileEncoding = 4; lastKnownFileType = sourcecode.c.objc; name = BDDiskArbitrationSession.m; path = Dependencies/ButteredDisk/BDDiskArbitrationSession.m; sourceTree = "<group>"; };
		025D1881108A5F8500D8995D /* BootManagerHelper */ = {isa = PBXFileReference; explicitFileType = "compiled.mach-o.executable"; includeInIndex = 0; path = BootManagerHelper; sourceTree = BUILT_PRODUCTS_DIR; };
		025D1888108A604C00D8995D /* main.m */ = {isa = PBXFileReference; fileEncoding = 4; lastKnownFileType = sourcecode.c.objc; path = main.m; sourceTree = "<group>"; };
		027A9FE80C467C7F000BBCE9 /* MainWindowController.h */ = {isa = PBXFileReference; fileEncoding = 4; lastKnownFileType = sourcecode.c.h; name = MainWindowController.h; path = Source/MainWindowController.h; sourceTree = "<group>"; };
		027A9FE90C467C7F000BBCE9 /* MainWindowController.m */ = {isa = PBXFileReference; fileEncoding = 4; lastKnownFileType = sourcecode.c.objc; name = MainWindowController.m; path = Source/MainWindowController.m; sourceTree = "<group>"; };
		027AA0310C468374000BBCE9 /* DiskArbitration.framework */ = {isa = PBXFileReference; lastKnownFileType = wrapper.framework; name = DiskArbitration.framework; path = /System/Library/Frameworks/DiskArbitration.framework; sourceTree = "<absolute>"; };
		027AA11D0C472078000BBCE9 /* Security.framework */ = {isa = PBXFileReference; lastKnownFileType = wrapper.framework; name = Security.framework; path = /System/Library/Frameworks/Security.framework; sourceTree = "<absolute>"; };
		027C159C120E1AB80019BBF3 /* QBOSDetectOperation.h */ = {isa = PBXFileReference; fileEncoding = 4; lastKnownFileType = sourcecode.c.h; name = QBOSDetectOperation.h; path = Source/QBOSDetectOperation.h; sourceTree = "<group>"; };
		027C159D120E1AB80019BBF3 /* QBOSDetectOperation.m */ = {isa = PBXFileReference; fileEncoding = 4; lastKnownFileType = sourcecode.c.objc; name = QBOSDetectOperation.m; path = Source/QBOSDetectOperation.m; sourceTree = "<group>"; };
		029A43C315F6E27300087FD1 /* StatusItemIcon@2x.png */ = {isa = PBXFileReference; lastKnownFileType = image.png; name = "StatusItemIcon@2x.png"; path = "Resources/StatusItemIcon@2x.png"; sourceTree = "<group>"; };
		029A43C415F6E27300087FD1 /* StatusItemIconAlt@2x.png */ = {isa = PBXFileReference; lastKnownFileType = image.png; name = "StatusItemIconAlt@2x.png"; path = "Resources/StatusItemIconAlt@2x.png"; sourceTree = "<group>"; };
		029A43C715F705B100087FD1 /* BootManager-logo@2x.png */ = {isa = PBXFileReference; lastKnownFileType = image.png; name = "BootManager-logo@2x.png"; path = "Resources/BootManager-logo@2x.png"; sourceTree = "<group>"; };
		029A43E715F77E8600087FD1 /* BootManager.iconset */ = {isa = PBXFileReference; lastKnownFileType = folder.iconset; name = BootManager.iconset; path = Resources/BootManager.iconset; sourceTree = "<group>"; };
		02B40C750C4726AA00D4A0CD /* SendAppleEvent.c */ = {isa = PBXFileReference; fileEncoding = 4; lastKnownFileType = sourcecode.c.c; name = SendAppleEvent.c; path = Source/SendAppleEvent.c; sourceTree = "<group>"; };
		02B40CCC0C47279400D4A0CD /* Carbon.framework */ = {isa = PBXFileReference; lastKnownFileType = wrapper.framework; name = Carbon.framework; path = /System/Library/Frameworks/Carbon.framework; sourceTree = "<absolute>"; };
		02B40CEF0C47295400D4A0CD /* QBAppDelegate.h */ = {isa = PBXFileReference; fileEncoding = 4; lastKnownFileType = sourcecode.c.h; name = QBAppDelegate.h; path = Source/QBAppDelegate.h; sourceTree = "<group>"; };
		02B40CF00C47295400D4A0CD /* QBAppDelegate.m */ = {isa = PBXFileReference; fileEncoding = 4; lastKnownFileType = sourcecode.c.objc; name = QBAppDelegate.m; path = Source/QBAppDelegate.m; sourceTree = "<group>"; };
		02B6B9450FB39FE1000EC4B9 /* QBVolumeManager.h */ = {isa = PBXFileReference; fileEncoding = 4; lastKnownFileType = sourcecode.c.h; name = QBVolumeManager.h; path = Source/QBVolumeManager.h; sourceTree = "<group>"; };
		02B6B9460FB39FE1000EC4B9 /* QBVolumeManager.m */ = {isa = PBXFileReference; fileEncoding = 4; lastKnownFileType = sourcecode.c.objc; name = QBVolumeManager.m; path = Source/QBVolumeManager.m; sourceTree = "<group>"; };
		02B6B9BF0FB3EBE9000EC4B9 /* QBPreferencesController.h */ = {isa = PBXFileReference; fileEncoding = 4; lastKnownFileType = sourcecode.c.h; name = QBPreferencesController.h; path = Source/QBPreferencesController.h; sourceTree = "<group>"; };
		02B6B9C00FB3EBE9000EC4B9 /* QBPreferencesController.m */ = {isa = PBXFileReference; fileEncoding = 4; lastKnownFileType = sourcecode.c.objc; name = QBPreferencesController.m; path = Source/QBPreferencesController.m; sourceTree = "<group>"; };
		02BAFC3E166E52860072A560 /* en */ = {isa = PBXFileReference; lastKnownFileType = text.rtf; name = en; path = en.lproj/Credits.rtf; sourceTree = "<group>"; };
		02BAFC43166E52910072A560 /* en */ = {isa = PBXFileReference; fileEncoding = 10; lastKnownFileType = text.plist.strings; name = en; path = en.lproj/Localizable.strings; sourceTree = "<group>"; };
		02BAFC47166E529C0072A560 /* en */ = {isa = PBXFileReference; lastKnownFileType = file.xib; name = en; path = en.lproj/Preferences.xib; sourceTree = "<group>"; };
		02BAFC4A166E52A30072A560 /* en */ = {isa = PBXFileReference; lastKnownFileType = file.xib; name = en; path = en.lproj/MainMenu.xib; sourceTree = "<group>"; };
		02DFE6540FB38EEB00C28D32 /* StatusItemIcon.png */ = {isa = PBXFileReference; lastKnownFileType = image.png; name = StatusItemIcon.png; path = Resources/StatusItemIcon.png; sourceTree = "<group>"; };
		02DFE65D0FB3916B00C28D32 /* StatusItemIconAlt.png */ = {isa = PBXFileReference; lastKnownFileType = image.png; name = StatusItemIconAlt.png; path = Resources/StatusItemIconAlt.png; sourceTree = "<group>"; };
		1058C7A1FEA54F0111CA2CBB /* Cocoa.framework */ = {isa = PBXFileReference; lastKnownFileType = wrapper.framework; name = Cocoa.framework; path = /System/Library/Frameworks/Cocoa.framework; sourceTree = "<absolute>"; };
		13E42FB307B3F0F600E4EEF1 /* CoreData.framework */ = {isa = PBXFileReference; lastKnownFileType = wrapper.framework; name = CoreData.framework; path = /System/Library/Frameworks/CoreData.framework; sourceTree = "<absolute>"; };
		2042B3B32081551000C3219A /* es */ = {isa = PBXFileReference; lastKnownFileType = file.xib; name = es; path = es.lproj/BCAboutBox.xib; sourceTree = "<group>"; };
		2042B3B42081551000C3219A /* es */ = {isa = PBXFileReference; lastKnownFileType = file.xib; name = es; path = es.lproj/MainMenu.xib; sourceTree = "<group>"; };
		2042B3B52081551000C3219A /* es */ = {isa = PBXFileReference; lastKnownFileType = file.xib; name = es; path = es.lproj/Preferences.xib; sourceTree = "<group>"; };
		2042B3B62081551000C3219A /* es */ = {isa = PBXFileReference; lastKnownFileType = text.plist.strings; name = es; path = es.lproj/InfoPlist.strings; sourceTree = "<group>"; };
		2042B3B72081551000C3219A /* es */ = {isa = PBXFileReference; lastKnownFileType = text.plist.strings; name = es; path = es.lproj/Localizable.strings; sourceTree = "<group>"; };
		2042B3B82081551000C3219A /* es */ = {isa = PBXFileReference; lastKnownFileType = text.rtf; name = es; path = es.lproj/Credits.rtf; sourceTree = "<group>"; };
		2042B3B9208156AD00C3219A /* de */ = {isa = PBXFileReference; lastKnownFileType = file.xib; name = de; path = de.lproj/BCAboutBox.xib; sourceTree = "<group>"; };
		2042B3BA208156AD00C3219A /* de */ = {isa = PBXFileReference; lastKnownFileType = file.xib; name = de; path = de.lproj/MainMenu.xib; sourceTree = "<group>"; };
		2042B3BB208156AD00C3219A /* de */ = {isa = PBXFileReference; lastKnownFileType = file.xib; name = de; path = de.lproj/Preferences.xib; sourceTree = "<group>"; };
		2042B3BC208156AD00C3219A /* de */ = {isa = PBXFileReference; lastKnownFileType = text.plist.strings; name = de; path = de.lproj/InfoPlist.strings; sourceTree = "<group>"; };
		2042B3BD208156AD00C3219A /* de */ = {isa = PBXFileReference; lastKnownFileType = text.plist.strings; name = de; path = de.lproj/Localizable.strings; sourceTree = "<group>"; };
		2042B3BE208156AD00C3219A /* de */ = {isa = PBXFileReference; lastKnownFileType = text.rtf; name = de; path = de.lproj/Credits.rtf; sourceTree = "<group>"; };
		2042B3BF208158AF00C3219A /* fr */ = {isa = PBXFileReference; lastKnownFileType = file.xib; name = fr; path = fr.lproj/BCAboutBox.xib; sourceTree = "<group>"; };
		2042B3C0208158AF00C3219A /* fr */ = {isa = PBXFileReference; lastKnownFileType = file.xib; name = fr; path = fr.lproj/MainMenu.xib; sourceTree = "<group>"; };
		2042B3C1208158AF00C3219A /* fr */ = {isa = PBXFileReference; lastKnownFileType = file.xib; name = fr; path = fr.lproj/Preferences.xib; sourceTree = "<group>"; };
		2042B3C2208158AF00C3219A /* fr */ = {isa = PBXFileReference; lastKnownFileType = text.plist.strings; name = fr; path = fr.lproj/InfoPlist.strings; sourceTree = "<group>"; };
		2042B3C3208158AF00C3219A /* fr */ = {isa = PBXFileReference; lastKnownFileType = text.plist.strings; name = fr; path = fr.lproj/Localizable.strings; sourceTree = "<group>"; };
		2042B3C4208158AF00C3219A /* fr */ = {isa = PBXFileReference; lastKnownFileType = text.rtf; name = fr; path = fr.lproj/Credits.rtf; sourceTree = "<group>"; };
		2042B3C52081598F00C3219A /* it */ = {isa = PBXFileReference; lastKnownFileType = file.xib; name = it; path = it.lproj/BCAboutBox.xib; sourceTree = "<group>"; };
		2042B3C62081598F00C3219A /* it */ = {isa = PBXFileReference; lastKnownFileType = file.xib; name = it; path = it.lproj/MainMenu.xib; sourceTree = "<group>"; };
		2042B3C72081598F00C3219A /* it */ = {isa = PBXFileReference; lastKnownFileType = file.xib; name = it; path = it.lproj/Preferences.xib; sourceTree = "<group>"; };
		2042B3C82081598F00C3219A /* it */ = {isa = PBXFileReference; lastKnownFileType = text.plist.strings; name = it; path = it.lproj/InfoPlist.strings; sourceTree = "<group>"; };
		2042B3C92081598F00C3219A /* it */ = {isa = PBXFileReference; lastKnownFileType = text.plist.strings; name = it; path = it.lproj/Localizable.strings; sourceTree = "<group>"; };
		2042B3CA2081598F00C3219A /* it */ = {isa = PBXFileReference; lastKnownFileType = text.rtf; name = it; path = it.lproj/Credits.rtf; sourceTree = "<group>"; };
		2042B3CB20815B0800C3219A /* nl */ = {isa = PBXFileReference; lastKnownFileType = file.xib; name = nl; path = nl.lproj/BCAboutBox.xib; sourceTree = "<group>"; };
		2042B3CC20815B0800C3219A /* nl */ = {isa = PBXFileReference; lastKnownFileType = file.xib; name = nl; path = nl.lproj/MainMenu.xib; sourceTree = "<group>"; };
		2042B3CD20815B0800C3219A /* nl */ = {isa = PBXFileReference; lastKnownFileType = file.xib; name = nl; path = nl.lproj/Preferences.xib; sourceTree = "<group>"; };
		2042B3CE20815B0800C3219A /* nl */ = {isa = PBXFileReference; lastKnownFileType = text.plist.strings; name = nl; path = nl.lproj/InfoPlist.strings; sourceTree = "<group>"; };
		2042B3CF20815B0800C3219A /* nl */ = {isa = PBXFileReference; lastKnownFileType = text.plist.strings; name = nl; path = nl.lproj/Localizable.strings; sourceTree = "<group>"; };
		2042B3D020815B0800C3219A /* nl */ = {isa = PBXFileReference; lastKnownFileType = text.rtf; name = nl; path = nl.lproj/Credits.rtf; sourceTree = "<group>"; };
		206304FF20A61036004ED8A3 /* STPrivilegedTask.h */ = {isa = PBXFileReference; fileEncoding = 4; lastKnownFileType = sourcecode.c.h; path = STPrivilegedTask.h; sourceTree = "<group>"; };
		2063050020A61036004ED8A3 /* STPrivilegedTask.m */ = {isa = PBXFileReference; fileEncoding = 4; lastKnownFileType = sourcecode.c.objc; path = STPrivilegedTask.m; sourceTree = "<group>"; };
		2063050520A61144004ED8A3 /* STPrivilegedTask.podspec */ = {isa = PBXFileReference; fileEncoding = 4; lastKnownFileType = text; name = STPrivilegedTask.podspec; path = Dependencies/STPrivilegedTask.podspec; sourceTree = "<group>"; };
		2063050720A6133C004ED8A3 /* Security.framework */ = {isa = PBXFileReference; lastKnownFileType = wrapper.framework; name = Security.framework; path = System/Library/Frameworks/Security.framework; sourceTree = SDKROOT; };
		2063050920A61349004ED8A3 /* Cocoa.framework */ = {isa = PBXFileReference; lastKnownFileType = wrapper.framework; name = Cocoa.framework; path = System/Library/Frameworks/Cocoa.framework; sourceTree = SDKROOT; };
		29B97316FDCFA39411CA2CEA /* main.m */ = {isa = PBXFileReference; fileEncoding = 4; lastKnownFileType = sourcecode.c.objc; name = main.m; path = Source/main.m; sourceTree = "<group>"; };
		29B97324FDCFA39411CA2CEA /* AppKit.framework */ = {isa = PBXFileReference; lastKnownFileType = wrapper.framework; name = AppKit.framework; path = /System/Library/Frameworks/AppKit.framework; sourceTree = "<absolute>"; };
		29B97325FDCFA39411CA2CEA /* Foundation.framework */ = {isa = PBXFileReference; lastKnownFileType = wrapper.framework; name = Foundation.framework; path = /System/Library/Frameworks/Foundation.framework; sourceTree = "<absolute>"; };
		32CA4F630368D1EE00C91783 /* BootManager_Prefix.pch */ = {isa = PBXFileReference; fileEncoding = 4; lastKnownFileType = sourcecode.c.h; name = BootManager_Prefix.pch; path = Source/BootManager_Prefix.pch; sourceTree = "<group>"; };
		8D1107310486CEB800E47090 /* Info.plist */ = {isa = PBXFileReference; fileEncoding = 4; lastKnownFileType = text.plist.xml; name = Info.plist; path = Resources/Info.plist; sourceTree = "<group>"; };
		8D1107320486CEB800E47090 /* BootManager.app */ = {isa = PBXFileReference; explicitFileType = wrapper.application; includeInIndex = 0; name = BootManager.app; path = "Boot Manager.app"; sourceTree = BUILT_PRODUCTS_DIR; };
/* End PBXFileReference section */

/* Begin PBXFrameworksBuildPhase section */
		025D187F108A5F8500D8995D /* Frameworks */ = {
			isa = PBXFrameworksBuildPhase;
			buildActionMask = 2147483647;
			files = (
				2063050A20A61349004ED8A3 /* Cocoa.framework in Frameworks */,
				2063050820A6133C004ED8A3 /* Security.framework in Frameworks */,
			);
			runOnlyForDeploymentPostprocessing = 0;
		};
		8D11072E0486CEB800E47090 /* Frameworks */ = {
			isa = PBXFrameworksBuildPhase;
			buildActionMask = 2147483647;
			files = (
				8D11072F0486CEB800E47090 /* Cocoa.framework in Frameworks */,
				027AA0320C468374000BBCE9 /* DiskArbitration.framework in Frameworks */,
				027AA11E0C472078000BBCE9 /* Security.framework in Frameworks */,
				02B40CCD0C47279400D4A0CD /* Carbon.framework in Frameworks */,
			);
			runOnlyForDeploymentPostprocessing = 0;
		};
/* End PBXFrameworksBuildPhase section */

/* Begin PBXGroup section */
		02091EF2138060DA007A7A8B /* Dependencies */ = {
			isa = PBXGroup;
			children = (
				2063050520A61144004ED8A3 /* STPrivilegedTask.podspec */,
				206304FE20A61036004ED8A3 /* STPrivilegedTask */,
				0249E25C191EEB370001ACD6 /* BCAboutBox */,
				0249E261191EEB370001ACD6 /* BCSystemInfo.h */,
				0249E262191EEB370001ACD6 /* BCSystemInfo.m */,
				0249E266191EEB5D0001ACD6 /* NSApplication+BCAdditions.h */,
				0249E267191EEB5D0001ACD6 /* NSApplication+BCAdditions.m */,
				0249E269191EEB970001ACD6 /* NSArray+BCAdditions.h */,
				0249E26A191EEB970001ACD6 /* NSArray+BCAdditions.m */,
				0249E26D191EF2E00001ACD6 /* BDDisk.h */,
				0249E26E191EF2E00001ACD6 /* BDDisk.m */,
				0249E26F191EF2E00001ACD6 /* BDDiskArbitrationSession.h */,
				0249E270191EF2E00001ACD6 /* BDDiskArbitrationSession.m */,
				02B6B95D0FB3A48F000EC4B9 /* Utility */,
			);
			name = Dependencies;
			sourceTree = "<group>";
		};
		02091EF313806104007A7A8B /* App */ = {
			isa = PBXGroup;
			children = (
				02B40CEF0C47295400D4A0CD /* QBAppDelegate.h */,
				02B40CF00C47295400D4A0CD /* QBAppDelegate.m */,
				027A9FE80C467C7F000BBCE9 /* MainWindowController.h */,
				027A9FE90C467C7F000BBCE9 /* MainWindowController.m */,
				02BAFC49166E52A30072A560 /* MainMenu.xib */,
			);
			name = App;
			sourceTree = "<group>";
		};
		02091EF413806132007A7A8B /* Disk Handling */ = {
			isa = PBXGroup;
			children = (
				02B6B9450FB39FE1000EC4B9 /* QBVolumeManager.h */,
				02B6B9460FB39FE1000EC4B9 /* QBVolumeManager.m */,
				027C159C120E1AB80019BBF3 /* QBOSDetectOperation.h */,
				027C159D120E1AB80019BBF3 /* QBOSDetectOperation.m */,
				02412074120A40ED00EF7B5C /* QBVolume.h */,
				02412075120A40ED00EF7B5C /* QBVolume.m */,
			);
			name = "Disk Handling";
			sourceTree = "<group>";
		};
		02091EF51380617D007A7A8B /* Images */ = {
			isa = PBXGroup;
			children = (
				02091EF013805E39007A7A8B /* BootManager-logo.png */,
				029A43C715F705B100087FD1 /* BootManager-logo@2x.png */,
				02DFE65D0FB3916B00C28D32 /* StatusItemIconAlt.png */,
				029A43C415F6E27300087FD1 /* StatusItemIconAlt@2x.png */,
				02DFE6540FB38EEB00C28D32 /* StatusItemIcon.png */,
				029A43C315F6E27300087FD1 /* StatusItemIcon@2x.png */,
			);
			name = Images;
			sourceTree = "<group>";
		};
		0249E25C191EEB370001ACD6 /* BCAboutBox */ = {
			isa = PBXGroup;
			children = (
				0249E25D191EEB370001ACD6 /* BCAboutBox.h */,
				0249E25E191EEB370001ACD6 /* BCAboutBox.m */,
				0249E25F191EEB370001ACD6 /* BCAboutBox.xib */,
			);
			name = BCAboutBox;
			path = Dependencies/BCAboutBox;
			sourceTree = "<group>";
		};
		025D1887108A601200D8995D /* BootManagerHelper */ = {
			isa = PBXGroup;
			children = (
				025D1888108A604C00D8995D /* main.m */,
			);
			name = BootManagerHelper;
			path = Source/Helper;
			sourceTree = "<group>";
		};
		02B6B95D0FB3A48F000EC4B9 /* Utility */ = {
			isa = PBXGroup;
			children = (
				024120AC120A451F00EF7B5C /* SendAppleEvent.h */,
				02B40C750C4726AA00D4A0CD /* SendAppleEvent.c */,
			);
			name = Utility;
			sourceTree = "<group>";
		};
		02B6B95E0FB3A49A000EC4B9 /* Preferences */ = {
			isa = PBXGroup;
			children = (
				02B6B9BF0FB3EBE9000EC4B9 /* QBPreferencesController.h */,
				02B6B9C00FB3EBE9000EC4B9 /* QBPreferencesController.m */,
				02BAFC46166E529C0072A560 /* Preferences.xib */,
			);
			name = Preferences;
			sourceTree = "<group>";
		};
		080E96DDFE201D6D7F000001 /* Boot Manager */ = {
			isa = PBXGroup;
			children = (
				02091EF413806132007A7A8B /* Disk Handling */,
				02091EF313806104007A7A8B /* App */,
				02B6B95E0FB3A49A000EC4B9 /* Preferences */,
				29B97315FDCFA39411CA2CEA /* Other Sources */,
				29B97317FDCFA39411CA2CEA /* Resources */,
			);
			name = "Boot Manager";
			sourceTree = "<group>";
		};
		1058C7A0FEA54F0111CA2CBB /* Linked Frameworks */ = {
			isa = PBXGroup;
			children = (
				02B40CCC0C47279400D4A0CD /* Carbon.framework */,
				027AA11D0C472078000BBCE9 /* Security.framework */,
				027AA0310C468374000BBCE9 /* DiskArbitration.framework */,
				1058C7A1FEA54F0111CA2CBB /* Cocoa.framework */,
			);
			name = "Linked Frameworks";
			sourceTree = "<group>";
		};
		1058C7A2FEA54F0111CA2CBB /* Other Frameworks */ = {
			isa = PBXGroup;
			children = (
				29B97324FDCFA39411CA2CEA /* AppKit.framework */,
				13E42FB307B3F0F600E4EEF1 /* CoreData.framework */,
				29B97325FDCFA39411CA2CEA /* Foundation.framework */,
			);
			name = "Other Frameworks";
			sourceTree = "<group>";
		};
		19C28FACFE9D520D11CA2CBB /* Products */ = {
			isa = PBXGroup;
			children = (
				8D1107320486CEB800E47090 /* BootManager.app */,
				025D1881108A5F8500D8995D /* BootManagerHelper */,
			);
			name = Products;
			sourceTree = "<group>";
		};
		206304FE20A61036004ED8A3 /* STPrivilegedTask */ = {
			isa = PBXGroup;
			children = (
				206304FF20A61036004ED8A3 /* STPrivilegedTask.h */,
				2063050020A61036004ED8A3 /* STPrivilegedTask.m */,
			);
			name = STPrivilegedTask;
			path = Dependencies/STPrivilegedTask;
			sourceTree = "<group>";
		};
		29B97314FDCFA39411CA2CEA /* Bootr */ = {
			isa = PBXGroup;
			children = (
				02091EF2138060DA007A7A8B /* Dependencies */,
				025D1887108A601200D8995D /* BootManagerHelper */,
				080E96DDFE201D6D7F000001 /* Boot Manager */,
				29B97323FDCFA39411CA2CEA /* Frameworks */,
				19C28FACFE9D520D11CA2CBB /* Products */,
			);
			name = Bootr;
			sourceTree = "<group>";
		};
		29B97315FDCFA39411CA2CEA /* Other Sources */ = {
			isa = PBXGroup;
			children = (
				32CA4F630368D1EE00C91783 /* BootManager_Prefix.pch */,
				29B97316FDCFA39411CA2CEA /* main.m */,
			);
			name = "Other Sources";
			sourceTree = "<group>";
		};
		29B97317FDCFA39411CA2CEA /* Resources */ = {
			isa = PBXGroup;
			children = (
				022A872E166E546E0081A745 /* InfoPlist.strings */,
				02BAFC42166E52910072A560 /* Localizable.strings */,
				02BAFC3D166E52860072A560 /* Credits.rtf */,
				029A43E715F77E8600087FD1 /* BootManager.iconset */,
				02091EF51380617D007A7A8B /* Images */,
				8D1107310486CEB800E47090 /* Info.plist */,
			);
			name = Resources;
			sourceTree = "<group>";
		};
		29B97323FDCFA39411CA2CEA /* Frameworks */ = {
			isa = PBXGroup;
			children = (
				2063050920A61349004ED8A3 /* Cocoa.framework */,
				2063050720A6133C004ED8A3 /* Security.framework */,
				1058C7A0FEA54F0111CA2CBB /* Linked Frameworks */,
				1058C7A2FEA54F0111CA2CBB /* Other Frameworks */,
			);
			name = Frameworks;
			sourceTree = "<group>";
		};
/* End PBXGroup section */

/* Begin PBXNativeTarget section */
		025D1880108A5F8500D8995D /* BootManagerHelper */ = {
			isa = PBXNativeTarget;
			buildConfigurationList = 025D1886108A5FA300D8995D /* Build configuration list for PBXNativeTarget "BootManagerHelper" */;
			buildPhases = (
				025D187E108A5F8500D8995D /* Sources */,
				025D187F108A5F8500D8995D /* Frameworks */,
			);
			buildRules = (
			);
			dependencies = (
			);
			name = BootManagerHelper;
			productName = BootManagerHelper;
			productReference = 025D1881108A5F8500D8995D /* BootManagerHelper */;
			productType = "com.apple.product-type.tool";
		};
		8D1107260486CEB800E47090 /* BootManager */ = {
			isa = PBXNativeTarget;
			buildConfigurationList = C01FCF4A08A954540054247B /* Build configuration list for PBXNativeTarget "BootManager" */;
			buildPhases = (
				8D1107290486CEB800E47090 /* Resources */,
				8D11072C0486CEB800E47090 /* Sources */,
				8D11072E0486CEB800E47090 /* Frameworks */,
				021483BA0C49B19C00DB518E /* Copy Frameworks */,
				02AC8934120F16D80024A1A7 /* Copy Helper */,
				022ADA2618BC5666006005F3 /* ShellScript */,
			);
			buildRules = (
			);
			dependencies = (
				02D46CA715D0B4DE001DC06C /* PBXTargetDependency */,
				02AC892C120F16A30024A1A7 /* PBXTargetDependency */,
			);
			name = BootManager;
			productInstallPath = "$(HOME)/Applications";
			productName = Bootr;
			productReference = 8D1107320486CEB800E47090 /* BootManager.app */;
			productType = "com.apple.product-type.application";
		};
/* End PBXNativeTarget section */

/* Begin PBXProject section */
		29B97313FDCFA39411CA2CEA /* Project object */ = {
			isa = PBXProject;
			attributes = {
				CLASSPREFIX = QB;
				LastUpgradeCheck = 0510;
				ORGANIZATIONNAME = Xserve;
			};
			buildConfigurationList = C01FCF4E08A954540054247B /* Build configuration list for PBXProject "Boot Manager" */;
			compatibilityVersion = "Xcode 3.2";
			developmentRegion = English;
			hasScannedForEncodings = 1;
			knownRegions = (
				en,
				English,
				es,
				de,
				fr,
				it,
				nl,
			);
			mainGroup = 29B97314FDCFA39411CA2CEA /* Bootr */;
			projectDirPath = "";
			projectRoot = "";
			targets = (
				8D1107260486CEB800E47090 /* BootManager */,
				025D1880108A5F8500D8995D /* BootManagerHelper */,
				02D46CA015D0B468001DC06C /* GenGitVersion */,
			);
		};
/* End PBXProject section */

/* Begin PBXResourcesBuildPhase section */
		8D1107290486CEB800E47090 /* Resources */ = {
			isa = PBXResourcesBuildPhase;
			buildActionMask = 2147483647;
			files = (
				0249E264191EEB370001ACD6 /* BCAboutBox.xib in Resources */,
				02DFE6550FB38EEB00C28D32 /* StatusItemIcon.png in Resources */,
				02DFE65E0FB3916B00C28D32 /* StatusItemIconAlt.png in Resources */,
				02091EF113805E39007A7A8B /* BootManager-logo.png in Resources */,
				029A43C515F6E27300087FD1 /* StatusItemIcon@2x.png in Resources */,
				029A43C615F6E27300087FD1 /* StatusItemIconAlt@2x.png in Resources */,
				029A43C815F705B100087FD1 /* BootManager-logo@2x.png in Resources */,
				029A43E815F77E8600087FD1 /* BootManager.iconset in Resources */,
				02BAFC3F166E52860072A560 /* Credits.rtf in Resources */,
				02BAFC45166E52910072A560 /* Localizable.strings in Resources */,
				02BAFC48166E529C0072A560 /* Preferences.xib in Resources */,
				02BAFC4B166E52A30072A560 /* MainMenu.xib in Resources */,
				022A8730166E546E0081A745 /* InfoPlist.strings in Resources */,
				2063050620A61144004ED8A3 /* STPrivilegedTask.podspec in Resources */,
			);
			runOnlyForDeploymentPostprocessing = 0;
		};
/* End PBXResourcesBuildPhase section */

/* Begin PBXShellScriptBuildPhase section */
		022ADA2618BC5666006005F3 /* ShellScript */ = {
			isa = PBXShellScriptBuildPhase;
			buildActionMask = 2147483647;
			files = (
			);
			inputPaths = (
			);
			outputPaths = (
			);
			runOnlyForDeploymentPostprocessing = 0;
			shellPath = /bin/sh;
			shellScript = "Scripts/re-sign-frameworks.rb \"${CODESIGNING_FOLDER_PATH}\" \"${CODE_SIGN_IDENTITY}\"";
			showEnvVarsInLog = 0;
		};
		02D46CA515D0B4C3001DC06C /* ShellScript */ = {
			isa = PBXShellScriptBuildPhase;
			buildActionMask = 2147483647;
			files = (
			);
			inputPaths = (
			);
			outputPaths = (
				"$(SRCROOT)/Source/InfoPlist.h",
			);
			runOnlyForDeploymentPostprocessing = 0;
			shellPath = /bin/sh;
			shellScript = "git=/usr/bin/git\nversion=`$git describe --tags`\nheaderFile=$SRCROOT/Source/InfoPlist.h\necho $headerFile\necho \"#define BC_GIT_VERSION $version\" > $headerFile\necho \"#define BC_GIT_VERSION_STRING @\\\"$version\\\"\" >> $headerFile\n";
			showEnvVarsInLog = 0;
		};
/* End PBXShellScriptBuildPhase section */

/* Begin PBXSourcesBuildPhase section */
		025D187E108A5F8500D8995D /* Sources */ = {
			isa = PBXSourcesBuildPhase;
			buildActionMask = 2147483647;
			files = (
				2063050220A61036004ED8A3 /* STPrivilegedTask.m in Sources */,
				025D1889108A604C00D8995D /* main.m in Sources */,
			);
			runOnlyForDeploymentPostprocessing = 0;
		};
		8D11072C0486CEB800E47090 /* Sources */ = {
			isa = PBXSourcesBuildPhase;
			buildActionMask = 2147483647;
			files = (
				0249E272191EF2E00001ACD6 /* BDDiskArbitrationSession.m in Sources */,
				8D11072D0486CEB800E47090 /* main.m in Sources */,
				027A9FEA0C467C7F000BBCE9 /* MainWindowController.m in Sources */,
				02B40C760C4726AA00D4A0CD /* SendAppleEvent.c in Sources */,
				0249E271191EF2E00001ACD6 /* BDDisk.m in Sources */,
				0249E263191EEB370001ACD6 /* BCAboutBox.m in Sources */,
				0249E26B191EEB970001ACD6 /* NSArray+BCAdditions.m in Sources */,
				02B40CF10C47295400D4A0CD /* QBAppDelegate.m in Sources */,
				02B6B9470FB39FE1000EC4B9 /* QBVolumeManager.m in Sources */,
				02B6B9C10FB3EBE9000EC4B9 /* QBPreferencesController.m in Sources */,
				0249E268191EEB5D0001ACD6 /* NSApplication+BCAdditions.m in Sources */,
				2063050120A61036004ED8A3 /* STPrivilegedTask.m in Sources */,
				02412076120A40ED00EF7B5C /* QBVolume.m in Sources */,
				027C159F120E1AB80019BBF3 /* QBOSDetectOperation.m in Sources */,
				0249E265191EEB370001ACD6 /* BCSystemInfo.m in Sources */,
			);
			runOnlyForDeploymentPostprocessing = 0;
		};
/* End PBXSourcesBuildPhase section */

/* Begin PBXTargetDependency section */
		02AC892C120F16A30024A1A7 /* PBXTargetDependency */ = {
			isa = PBXTargetDependency;
			target = 025D1880108A5F8500D8995D /* BootManagerHelper */;
			targetProxy = 02AC892B120F16A30024A1A7 /* PBXContainerItemProxy */;
		};
		02D46CA715D0B4DE001DC06C /* PBXTargetDependency */ = {
			isa = PBXTargetDependency;
			target = 02D46CA015D0B468001DC06C /* GenGitVersion */;
			targetProxy = 02D46CA615D0B4DE001DC06C /* PBXContainerItemProxy */;
		};
/* End PBXTargetDependency section */

/* Begin PBXVariantGroup section */
		022A872E166E546E0081A745 /* InfoPlist.strings */ = {
			isa = PBXVariantGroup;
			children = (
				022A872F166E546E0081A745 /* en */,
				2042B3B62081551000C3219A /* es */,
				2042B3BC208156AD00C3219A /* de */,
				2042B3C2208158AF00C3219A /* fr */,
				2042B3C82081598F00C3219A /* it */,
				2042B3CE20815B0800C3219A /* nl */,
			);
			name = InfoPlist.strings;
			sourceTree = "<group>";
		};
		0249E25F191EEB370001ACD6 /* BCAboutBox.xib */ = {
			isa = PBXVariantGroup;
			children = (
				0249E260191EEB370001ACD6 /* en */,
				2042B3B32081551000C3219A /* es */,
				2042B3B9208156AD00C3219A /* de */,
				2042B3BF208158AF00C3219A /* fr */,
				2042B3C52081598F00C3219A /* it */,
				2042B3CB20815B0800C3219A /* nl */,
			);
			name = BCAboutBox.xib;
			sourceTree = "<group>";
		};
		02BAFC3D166E52860072A560 /* Credits.rtf */ = {
			isa = PBXVariantGroup;
			children = (
				02BAFC3E166E52860072A560 /* en */,
				2042B3B82081551000C3219A /* es */,
				2042B3BE208156AD00C3219A /* de */,
				2042B3C4208158AF00C3219A /* fr */,
				2042B3CA2081598F00C3219A /* it */,
				2042B3D020815B0800C3219A /* nl */,
			);
			name = Credits.rtf;
			sourceTree = "<group>";
		};
		02BAFC42166E52910072A560 /* Localizable.strings */ = {
			isa = PBXVariantGroup;
			children = (
				02BAFC43166E52910072A560 /* en */,
				2042B3B72081551000C3219A /* es */,
				2042B3BD208156AD00C3219A /* de */,
				2042B3C3208158AF00C3219A /* fr */,
				2042B3C92081598F00C3219A /* it */,
				2042B3CF20815B0800C3219A /* nl */,
			);
			name = Localizable.strings;
			sourceTree = "<group>";
		};
		02BAFC46166E529C0072A560 /* Preferences.xib */ = {
			isa = PBXVariantGroup;
			children = (
				02BAFC47166E529C0072A560 /* en */,
				2042B3B52081551000C3219A /* es */,
				2042B3BB208156AD00C3219A /* de */,
				2042B3C1208158AF00C3219A /* fr */,
				2042B3C72081598F00C3219A /* it */,
				2042B3CD20815B0800C3219A /* nl */,
			);
			name = Preferences.xib;
			sourceTree = "<group>";
		};
		02BAFC49166E52A30072A560 /* MainMenu.xib */ = {
			isa = PBXVariantGroup;
			children = (
				02BAFC4A166E52A30072A560 /* en */,
				2042B3B42081551000C3219A /* es */,
				2042B3BA208156AD00C3219A /* de */,
				2042B3C0208158AF00C3219A /* fr */,
				2042B3C62081598F00C3219A /* it */,
				2042B3CC20815B0800C3219A /* nl */,
			);
			name = MainMenu.xib;
			sourceTree = "<group>";
		};
/* End PBXVariantGroup section */

/* Begin XCBuildConfiguration section */
		025D1883108A5F8500D8995D /* Debug */ = {
			isa = XCBuildConfiguration;
			buildSettings = {
				ALWAYS_SEARCH_USER_PATHS = NO;
				CLANG_ENABLE_OBJC_ARC = YES;
				COPY_PHASE_STRIP = NO;
				GCC_DYNAMIC_NO_PIC = NO;
				GCC_OPTIMIZATION_LEVEL = 0;
				GCC_PRECOMPILE_PREFIX_HEADER = YES;
				GCC_PREFIX_HEADER = "$(SYSTEM_LIBRARY_DIR)/Frameworks/AppKit.framework/Headers/AppKit.h";
				INSTALL_PATH = /usr/local/bin;
				OTHER_LDFLAGS = (
					"-framework",
					Foundation,
					"-framework",
					AppKit,
				);
				PRODUCT_NAME = BootManagerHelper;
				SKIP_INSTALL = YES;
			};
			name = Debug;
		};
		025D1884108A5F8500D8995D /* Beta */ = {
			isa = XCBuildConfiguration;
			buildSettings = {
				ALWAYS_SEARCH_USER_PATHS = NO;
				CLANG_ENABLE_OBJC_ARC = YES;
				GCC_PRECOMPILE_PREFIX_HEADER = YES;
				GCC_PREFIX_HEADER = "$(SYSTEM_LIBRARY_DIR)/Frameworks/AppKit.framework/Headers/AppKit.h";
				INSTALL_PATH = /usr/local/bin;
				OTHER_LDFLAGS = (
					"-framework",
					Foundation,
					"-framework",
					AppKit,
				);
				PRODUCT_NAME = BootManagerHelper;
				SKIP_INSTALL = YES;
			};
			name = Beta;
		};
		025D1885108A5F8500D8995D /* Release */ = {
			isa = XCBuildConfiguration;
			buildSettings = {
				ALWAYS_SEARCH_USER_PATHS = NO;
				CLANG_ENABLE_OBJC_ARC = YES;
				COPY_PHASE_STRIP = YES;
				DEBUG_INFORMATION_FORMAT = "dwarf-with-dsym";
				GCC_PRECOMPILE_PREFIX_HEADER = YES;
				GCC_PREFIX_HEADER = "$(SYSTEM_LIBRARY_DIR)/Frameworks/AppKit.framework/Headers/AppKit.h";
				INSTALL_PATH = /usr/local/bin;
				OTHER_LDFLAGS = (
					"-framework",
					Foundation,
					"-framework",
					AppKit,
				);
				PRODUCT_NAME = BootManagerHelper;
				SKIP_INSTALL = YES;
				ZERO_LINK = NO;
			};
			name = Release;
		};
		02D46CA215D0B468001DC06C /* Debug */ = {
			isa = XCBuildConfiguration;
			buildSettings = {
				PRODUCT_NAME = "$(TARGET_NAME)";
			};
			name = Debug;
		};
		02D46CA315D0B468001DC06C /* Beta */ = {
			isa = XCBuildConfiguration;
			buildSettings = {
				PRODUCT_NAME = "$(TARGET_NAME)";
			};
			name = Beta;
		};
		02D46CA415D0B468001DC06C /* Release */ = {
			isa = XCBuildConfiguration;
			buildSettings = {
				PRODUCT_NAME = "$(TARGET_NAME)";
			};
			name = Release;
		};
		02DFE6710FB3937C00C28D32 /* Beta */ = {
			isa = XCBuildConfiguration;
			buildSettings = {
				CODE_SIGN_IDENTITY = "";
				CURRENT_PROJECT_VERSION = 107;
				DEBUG_INFORMATION_FORMAT = "dwarf-with-dsym";
				GCC_VERSION = "";
				GCC_WARN_ABOUT_RETURN_TYPE = YES;
				GCC_WARN_UNUSED_VARIABLE = YES;
				MACOSX_DEPLOYMENT_TARGET = 10.7;
				PROVISIONING_PROFILE = "";
				SDKROOT = macosx;
				VALID_ARCHS = "i386 x86_64";
				VERSIONING_SYSTEM = "apple-generic";
			};
			name = Beta;
		};
		02DFE6720FB3937C00C28D32 /* Beta */ = {
			isa = XCBuildConfiguration;
			buildSettings = {
				BC_SPARKLE_URL = "http://${UPDATE_HOST}/products/sparkleProfile/${PRODUCT_NAME}${UPDATE_BUILD}";
				CLANG_ENABLE_OBJC_ARC = YES;
				COMBINE_HIDPI_IMAGES = YES;
				GCC_GENERATE_DEBUGGING_SYMBOLS = YES;
				GCC_PREFIX_HEADER = "$(SRCROOT)/Source/BootManager_Prefix.pch";
				INFOPLIST_FILE = Resources/Info.plist;
				INFOPLIST_PREFIX_HEADER = "$(SRCROOT)/Source/InfoPlist.h";
				INFOPLIST_PREPROCESS = YES;
				INSTALL_PATH = "$(HOME)/Applications";
				MACOSX_DEPLOYMENT_TARGET = 10.7;
				PRODUCT_BUNDLE_IDENTIFIER = com.xserve.BootManager;
				PRODUCT_NAME = "Boot Manager";
				UPDATE_BUILD = /beta;
				UPDATE_HOST = "buttered-cat.com";
				WRAPPER_EXTENSION = app;
			};
			name = Beta;
		};
		C01FCF4B08A954540054247B /* Debug */ = {
			isa = XCBuildConfiguration;
			buildSettings = {
				BC_SPARKLE_URL = "http://${UPDATE_HOST}/products/sparkleProfile/${PRODUCT_NAME}${UPDATE_BUILD}";
				CLANG_ENABLE_OBJC_ARC = YES;
				COMBINE_HIDPI_IMAGES = YES;
				COPY_PHASE_STRIP = NO;
				GCC_DYNAMIC_NO_PIC = NO;
				GCC_OPTIMIZATION_LEVEL = 0;
				GCC_PREFIX_HEADER = "$(SRCROOT)/Source/BootManager_Prefix.pch";
				INFOPLIST_FILE = Resources/Info.plist;
				INFOPLIST_PREFIX_HEADER = "$(SRCROOT)/Source/InfoPlist.h";
				INFOPLIST_PREPROCESS = YES;
				INSTALL_PATH = "$(HOME)/Applications";
				MACOSX_DEPLOYMENT_TARGET = 10.7;
				PRODUCT_BUNDLE_IDENTIFIER = com.xserve.BootManager;
				PRODUCT_NAME = "Boot Manager";
				UPDATE_BUILD = /beta;
				UPDATE_HOST = "localhost:3000";
				WRAPPER_EXTENSION = app;
			};
			name = Debug;
		};
		C01FCF4C08A954540054247B /* Release */ = {
			isa = XCBuildConfiguration;
			buildSettings = {
				BC_SPARKLE_URL = "http://${UPDATE_HOST}/products/sparkleProfile/${PRODUCT_NAME}${UPDATE_BUILD}";
				CLANG_ENABLE_OBJC_ARC = YES;
				COMBINE_HIDPI_IMAGES = YES;
				DEPLOYMENT_POSTPROCESSING = YES;
				GCC_GENERATE_DEBUGGING_SYMBOLS = YES;
				GCC_PREFIX_HEADER = "$(SRCROOT)/Source/BootManager_Prefix.pch";
				INFOPLIST_FILE = Resources/Info.plist;
				INFOPLIST_PREFIX_HEADER = "$(SRCROOT)/Source/InfoPlist.h";
				INFOPLIST_PREPROCESS = YES;
				INSTALL_PATH = "$(HOME)/Applications";
				MACOSX_DEPLOYMENT_TARGET = 10.7;
				PRODUCT_BUNDLE_IDENTIFIER = com.xserve.BootManager;
				PRODUCT_NAME = "Boot Manager";
				STRIP_INSTALLED_PRODUCT = YES;
				UPDATE_BUILD = "";
				UPDATE_HOST = "buttered-cat.com";
				WRAPPER_EXTENSION = app;
			};
			name = Release;
		};
		C01FCF4F08A954540054247B /* Debug */ = {
			isa = XCBuildConfiguration;
			buildSettings = {
				CODE_SIGN_IDENTITY = "";
				CURRENT_PROJECT_VERSION = 107;
				GCC_VERSION = "";
				GCC_WARN_ABOUT_RETURN_TYPE = YES;
				GCC_WARN_UNUSED_VARIABLE = YES;
				MACOSX_DEPLOYMENT_TARGET = 10.7;
				ONLY_ACTIVE_ARCH = YES;
				PROVISIONING_PROFILE = "";
				SDKROOT = macosx;
				VALID_ARCHS = "i386 x86_64";
				VERSIONING_SYSTEM = "apple-generic";
			};
			name = Debug;
		};
		C01FCF5008A954540054247B /* Release */ = {
			isa = XCBuildConfiguration;
			buildSettings = {
				CODE_SIGN_IDENTITY = "";
				CURRENT_PROJECT_VERSION = 107;
				DEBUG_INFORMATION_FORMAT = "dwarf-with-dsym";
				GCC_VERSION = "";
				GCC_WARN_ABOUT_RETURN_TYPE = YES;
				GCC_WARN_UNUSED_VARIABLE = YES;
				MACOSX_DEPLOYMENT_TARGET = 10.7;
				PROVISIONING_PROFILE = "";
				SDKROOT = macosx;
				VALID_ARCHS = "i386 x86_64";
				VERSIONING_SYSTEM = "apple-generic";
			};
			name = Release;
		};
/* End XCBuildConfiguration section */

/* Begin XCConfigurationList section */
		025D1886108A5FA300D8995D /* Build configuration list for PBXNativeTarget "BootManagerHelper" */ = {
			isa = XCConfigurationList;
			buildConfigurations = (
				025D1883108A5F8500D8995D /* Debug */,
				025D1884108A5F8500D8995D /* Beta */,
				025D1885108A5F8500D8995D /* Release */,
			);
			defaultConfigurationIsVisible = 0;
			defaultConfigurationName = Release;
		};
		02D46CA115D0B468001DC06C /* Build configuration list for PBXAggregateTarget "GenGitVersion" */ = {
			isa = XCConfigurationList;
			buildConfigurations = (
				02D46CA215D0B468001DC06C /* Debug */,
				02D46CA315D0B468001DC06C /* Beta */,
				02D46CA415D0B468001DC06C /* Release */,
			);
			defaultConfigurationIsVisible = 0;
			defaultConfigurationName = Release;
		};
		C01FCF4A08A954540054247B /* Build configuration list for PBXNativeTarget "BootManager" */ = {
			isa = XCConfigurationList;
			buildConfigurations = (
				C01FCF4B08A954540054247B /* Debug */,
				02DFE6720FB3937C00C28D32 /* Beta */,
				C01FCF4C08A954540054247B /* Release */,
			);
			defaultConfigurationIsVisible = 0;
			defaultConfigurationName = Release;
		};
		C01FCF4E08A954540054247B /* Build configuration list for PBXProject "Boot Manager" */ = {
			isa = XCConfigurationList;
			buildConfigurations = (
				C01FCF4F08A954540054247B /* Debug */,
				02DFE6710FB3937C00C28D32 /* Beta */,
				C01FCF5008A954540054247B /* Release */,
			);
			defaultConfigurationIsVisible = 0;
			defaultConfigurationName = Release;
		};
/* End XCConfigurationList section */
	};
	rootObject = 29B97313FDCFA39411CA2CEA /* Project object */;
}
